// !$*UTF8*$!
{
	archiveVersion = 1;
	classes = {
	};
	objectVersion = 50;
	objects = {

/* Begin PBXBuildFile section */
		E46A08962681C59F009DA4CC /* SwiftUIBottomSheetApp.swift in Sources */ = {isa = PBXBuildFile; fileRef = E46A08952681C59F009DA4CC /* SwiftUIBottomSheetApp.swift */; };
		E46A08982681C59F009DA4CC /* ContentView.swift in Sources */ = {isa = PBXBuildFile; fileRef = E46A08972681C59F009DA4CC /* ContentView.swift */; };
		E46A089D2681C5A5009DA4CC /* Preview Assets.xcassets in Resources */ = {isa = PBXBuildFile; fileRef = E46A089C2681C5A5009DA4CC /* Preview Assets.xcassets */; };
		E46A08A72681C5F6009DA4CC /* Restaurant.swift in Sources */ = {isa = PBXBuildFile; fileRef = E46A08A62681C5F6009DA4CC /* Restaurant.swift */; };
		E46A08AA2681C821009DA4CC /* DetailView.swift in Sources */ = {isa = PBXBuildFile; fileRef = E46A08A92681C821009DA4CC /* DetailView.swift */; };
		E46BE8B62682A8D200446D12 /* Assets.xcassets in Resources */ = {isa = PBXBuildFile; fileRef = E46BE8B52682A8D200446D12 /* Assets.xcassets */; };
/* End PBXBuildFile section */

/* Begin PBXFileReference section */
		E46A08922681C59F009DA4CC /* SwiftUIBottomSheet.app */ = {isa = PBXFileReference; explicitFileType = wrapper.application; includeInIndex = 0; path = SwiftUIBottomSheet.app; sourceTree = BUILT_PRODUCTS_DIR; };
		E46A08952681C59F009DA4CC /* SwiftUIBottomSheetApp.swift */ = {isa = PBXFileReference; lastKnownFileType = sourcecode.swift; path = SwiftUIBottomSheetApp.swift; sourceTree = "<group>"; };
		E46A08972681C59F009DA4CC /* ContentView.swift */ = {isa = PBXFileReference; lastKnownFileType = sourcecode.swift; path = ContentView.swift; sourceTree = "<group>"; };
		E46A089C2681C5A5009DA4CC /* Preview Assets.xcassets */ = {isa = PBXFileReference; lastKnownFileType = folder.assetcatalog; path = "Preview Assets.xcassets"; sourceTree = "<group>"; };
		E46A089E2681C5A5009DA4CC /* Info.plist */ = {isa = PBXFileReference; lastKnownFileType = text.plist.xml; path = Info.plist; sourceTree = "<group>"; };
		E46A08A62681C5F6009DA4CC /* Restaurant.swift */ = {isa = PBXFileReference; lastKnownFileType = sourcecode.swift; path = Restaurant.swift; sourceTree = "<group>"; };
		E46A08A92681C821009DA4CC /* DetailView.swift */ = {isa = PBXFileReference; lastKnownFileType = sourcecode.swift; path = DetailView.swift; sourceTree = "<group>"; };
		E46BE8B52682A8D200446D12 /* Assets.xcassets */ = {isa = PBXFileReference; lastKnownFileType = folder.assetcatalog; path = Assets.xcassets; sourceTree = "<group>"; };
/* End PBXFileReference section */

/* Begin PBXFrameworksBuildPhase section */
		E46A088F2681C59F009DA4CC /* Frameworks */ = {
			isa = PBXFrameworksBuildPhase;
			buildActionMask = 2147483647;
			files = (
			);
			runOnlyForDeploymentPostprocessing = 0;
		};
/* End PBXFrameworksBuildPhase section */

/* Begin PBXGroup section */
		E46A08892681C59E009DA4CC = {
			isa = PBXGroup;
			children = (
				E46A08942681C59F009DA4CC /* SwiftUIBottomSheet */,
				E46A08932681C59F009DA4CC /* Products */,
			);
			sourceTree = "<group>";
		};
		E46A08932681C59F009DA4CC /* Products */ = {
			isa = PBXGroup;
			children = (
				E46A08922681C59F009DA4CC /* SwiftUIBottomSheet.app */,
			);
			name = Products;
			sourceTree = "<group>";
		};
		E46A08942681C59F009DA4CC /* SwiftUIBottomSheet */ = {
			isa = PBXGroup;
			children = (
				E46A08A82681C602009DA4CC /* Model */,
				E46A08952681C59F009DA4CC /* SwiftUIBottomSheetApp.swift */,
				E46A08972681C59F009DA4CC /* ContentView.swift */,
				E46BE8B52682A8D200446D12 /* Assets.xcassets */,
				E46A08A92681C821009DA4CC /* DetailView.swift */,
				E46A089E2681C5A5009DA4CC /* Info.plist */,
				E46A089B2681C5A5009DA4CC /* Preview Content */,
			);
			path = SwiftUIBottomSheet;
			sourceTree = "<group>";
		};
		E46A089B2681C5A5009DA4CC /* Preview Content */ = {
			isa = PBXGroup;
			children = (
				E46A089C2681C5A5009DA4CC /* Preview Assets.xcassets */,
			);
			path = "Preview Content";
			sourceTree = "<group>";
		};
		E46A08A82681C602009DA4CC /* Model */ = {
			isa = PBXGroup;
			children = (
				E46A08A62681C5F6009DA4CC /* Restaurant.swift */,
			);
			path = Model;
			sourceTree = "<group>";
		};
/* End PBXGroup section */

/* Begin PBXNativeTarget section */
		E46A08912681C59F009DA4CC /* SwiftUIBottomSheet */ = {
			isa = PBXNativeTarget;
			buildConfigurationList = E46A08A12681C5A5009DA4CC /* Build configuration list for PBXNativeTarget "SwiftUIBottomSheet" */;
			buildPhases = (
				E46A088E2681C59F009DA4CC /* Sources */,
				E46A088F2681C59F009DA4CC /* Frameworks */,
				E46A08902681C59F009DA4CC /* Resources */,
			);
			buildRules = (
			);
			dependencies = (
			);
			name = SwiftUIBottomSheet;
			productName = SwiftUIBottomSheet;
			productReference = E46A08922681C59F009DA4CC /* SwiftUIBottomSheet.app */;
			productType = "com.apple.product-type.application";
		};
/* End PBXNativeTarget section */

/* Begin PBXProject section */
		E46A088A2681C59E009DA4CC /* Project object */ = {
			isa = PBXProject;
			attributes = {
				LastSwiftUpdateCheck = 1250;
				LastUpgradeCheck = 1250;
				TargetAttributes = {
					E46A08912681C59F009DA4CC = {
						CreatedOnToolsVersion = 12.5;
					};
				};
			};
			buildConfigurationList = E46A088D2681C59F009DA4CC /* Build configuration list for PBXProject "SwiftUIBottomSheet" */;
			compatibilityVersion = "Xcode 9.3";
			developmentRegion = en;
			hasScannedForEncodings = 0;
			knownRegions = (
				en,
				Base,
			);
			mainGroup = E46A08892681C59E009DA4CC;
			productRefGroup = E46A08932681C59F009DA4CC /* Products */;
			projectDirPath = "";
			projectRoot = "";
			targets = (
				E46A08912681C59F009DA4CC /* SwiftUIBottomSheet */,
			);
		};
/* End PBXProject section */

/* Begin PBXResourcesBuildPhase section */
		E46A08902681C59F009DA4CC /* Resources */ = {
			isa = PBXResourcesBuildPhase;
			buildActionMask = 2147483647;
			files = (
				E46BE8B62682A8D200446D12 /* Assets.xcassets in Resources */,
				E46A089D2681C5A5009DA4CC /* Preview Assets.xcassets in Resources */,
			);
			runOnlyForDeploymentPostprocessing = 0;
		};
/* End PBXResourcesBuildPhase section */

/* Begin PBXSourcesBuildPhase section */
		E46A088E2681C59F009DA4CC /* Sources */ = {
			isa = PBXSourcesBuildPhase;
			buildActionMask = 2147483647;
			files = (
				E46A08AA2681C821009DA4CC /* DetailView.swift in Sources */,
				E46A08982681C59F009DA4CC /* ContentView.swift in Sources */,
				E46A08A72681C5F6009DA4CC /* Restaurant.swift in Sources */,
				E46A08962681C59F009DA4CC /* SwiftUIBottomSheetApp.swift in Sources */,
			);
			runOnlyForDeploymentPostprocessing = 0;
		};
/* End PBXSourcesBuildPhase section */

/* Begin XCBuildConfiguration section */
		E46A089F2681C5A5009DA4CC /* Debug */ = {
			isa = XCBuildConfiguration;
			buildSettings = {
				ALWAYS_SEARCH_USER_PATHS = NO;
				CLANG_ANALYZER_NONNULL = YES;
				CLANG_ANALYZER_NUMBER_OBJECT_CONVERSION = YES_AGGRESSIVE;
				CLANG_CXX_LANGUAGE_STANDARD = "gnu++14";
				CLANG_CXX_LIBRARY = "libc++";
				CLANG_ENABLE_MODULES = YES;
				CLANG_ENABLE_OBJC_ARC = YES;
				CLANG_ENABLE_OBJC_WEAK = YES;
				CLANG_WARN_BLOCK_CAPTURE_AUTORELEASING = YES;
				CLANG_WARN_BOOL_CONVERSION = YES;
				CLANG_WARN_COMMA = YES;
				CLANG_WARN_CONSTANT_CONVERSION = YES;
				CLANG_WARN_DEPRECATED_OBJC_IMPLEMENTATIONS = YES;
				CLANG_WARN_DIRECT_OBJC_ISA_USAGE = YES_ERROR;
				CLANG_WARN_DOCUMENTATION_COMMENTS = YES;
				CLANG_WARN_EMPTY_BODY = YES;
				CLANG_WARN_ENUM_CONVERSION = YES;
				CLANG_WARN_INFINITE_RECURSION = YES;
				CLANG_WARN_INT_CONVERSION = YES;
				CLANG_WARN_NON_LITERAL_NULL_CONVERSION = YES;
				CLANG_WARN_OBJC_IMPLICIT_RETAIN_SELF = YES;
				CLANG_WARN_OBJC_LITERAL_CONVERSION = YES;
				CLANG_WARN_OBJC_ROOT_CLASS = YES_ERROR;
				CLANG_WARN_QUOTED_INCLUDE_IN_FRAMEWORK_HEADER = YES;
				CLANG_WARN_RANGE_LOOP_ANALYSIS = YES;
				CLANG_WARN_STRICT_PROTOTYPES = YES;
				CLANG_WARN_SUSPICIOUS_MOVE = YES;
				CLANG_WARN_UNGUARDED_AVAILABILITY = YES_AGGRESSIVE;
				CLANG_WARN_UNREACHABLE_CODE = YES;
				CLANG_WARN__DUPLICATE_METHOD_MATCH = YES;
				COPY_PHASE_STRIP = NO;
				DEBUG_INFORMATION_FORMAT = dwarf;
				ENABLE_STRICT_OBJC_MSGSEND = YES;
				ENABLE_TESTABILITY = YES;
				GCC_C_LANGUAGE_STANDARD = gnu11;
				GCC_DYNAMIC_NO_PIC = NO;
				GCC_NO_COMMON_BLOCKS = YES;
				GCC_OPTIMIZATION_LEVEL = 0;
				GCC_PREPROCESSOR_DEFINITIONS = (
					"DEBUG=1",
					"$(inherited)",
				);
				GCC_WARN_64_TO_32_BIT_CONVERSION = YES;
				GCC_WARN_ABOUT_RETURN_TYPE = YES_ERROR;
				GCC_WARN_UNDECLARED_SELECTOR = YES;
				GCC_WARN_UNINITIALIZED_AUTOS = YES_AGGRESSIVE;
				GCC_WARN_UNUSED_FUNCTION = YES;
				GCC_WARN_UNUSED_VARIABLE = YES;
				IPHONEOS_DEPLOYMENT_TARGET = 14.5;
				MTL_ENABLE_DEBUG_INFO = INCLUDE_SOURCE;
				MTL_FAST_MATH = YES;
				ONLY_ACTIVE_ARCH = YES;
				SDKROOT = iphoneos;
				SWIFT_ACTIVE_COMPILATION_CONDITIONS = DEBUG;
				SWIFT_OPTIMIZATION_LEVEL = "-Onone";
			};
			name = Debug;
		};
		E46A08A02681C5A5009DA4CC /* Release */ = {
			isa = XCBuildConfiguration;
			buildSettings = {
				ALWAYS_SEARCH_USER_PATHS = NO;
				CLANG_ANALYZER_NONNULL = YES;
				CLANG_ANALYZER_NUMBER_OBJECT_CONVERSION = YES_AGGRESSIVE;
				CLANG_CXX_LANGUAGE_STANDARD = "gnu++14";
				CLANG_CXX_LIBRARY = "libc++";
				CLANG_ENABLE_MODULES = YES;
				CLANG_ENABLE_OBJC_ARC = YES;
				CLANG_ENABLE_OBJC_WEAK = YES;
				CLANG_WARN_BLOCK_CAPTURE_AUTORELEASING = YES;
				CLANG_WARN_BOOL_CONVERSION = YES;
				CLANG_WARN_COMMA = YES;
				CLANG_WARN_CONSTANT_CONVERSION = YES;
				CLANG_WARN_DEPRECATED_OBJC_IMPLEMENTATIONS = YES;
				CLANG_WARN_DIRECT_OBJC_ISA_USAGE = YES_ERROR;
				CLANG_WARN_DOCUMENTATION_COMMENTS = YES;
				CLANG_WARN_EMPTY_BODY = YES;
				CLANG_WARN_ENUM_CONVERSION = YES;
				CLANG_WARN_INFINITE_RECURSION = YES;
				CLANG_WARN_INT_CONVERSION = YES;
				CLANG_WARN_NON_LITERAL_NULL_CONVERSION = YES;
				CLANG_WARN_OBJC_IMPLICIT_RETAIN_SELF = YES;
				CLANG_WARN_OBJC_LITERAL_CONVERSION = YES;
				CLANG_WARN_OBJC_ROOT_CLASS = YES_ERROR;
				CLANG_WARN_QUOTED_INCLUDE_IN_FRAMEWORK_HEADER = YES;
				CLANG_WARN_RANGE_LOOP_ANALYSIS = YES;
				CLANG_WARN_STRICT_PROTOTYPES = YES;
				CLANG_WARN_SUSPICIOUS_MOVE = YES;
				CLANG_WARN_UNGUARDED_AVAILABILITY = YES_AGGRESSIVE;
				CLANG_WARN_UNREACHABLE_CODE = YES;
				CLANG_WARN__DUPLICATE_METHOD_MATCH = YES;
				COPY_PHASE_STRIP = NO;
				DEBUG_INFORMATION_FORMAT = "dwarf-with-dsym";
				ENABLE_NS_ASSERTIONS = NO;
				ENABLE_STRICT_OBJC_MSGSEND = YES;
				GCC_C_LANGUAGE_STANDARD = gnu11;
				GCC_NO_COMMON_BLOCKS = YES;
				GCC_WARN_64_TO_32_BIT_CONVERSION = YES;
				GCC_WARN_ABOUT_RETURN_TYPE = YES_ERROR;
				GCC_WARN_UNDECLARED_SELECTOR = YES;
				GCC_WARN_UNINITIALIZED_AUTOS = YES_AGGRESSIVE;
				GCC_WARN_UNUSED_FUNCTION = YES;
				GCC_WARN_UNUSED_VARIABLE = YES;
				IPHONEOS_DEPLOYMENT_TARGET = 14.5;
				MTL_ENABLE_DEBUG_INFO = NO;
				MTL_FAST_MATH = YES;
				SDKROOT = iphoneos;
				SWIFT_COMPILATION_MODE = wholemodule;
				SWIFT_OPTIMIZATION_LEVEL = "-O";
				VALIDATE_PRODUCT = YES;
			};
			name = Release;
		};
		E46A08A22681C5A5009DA4CC /* Debug */ = {
			isa = XCBuildConfiguration;
			buildSettings = {
				ASSETCATALOG_COMPILER_APPICON_NAME = AppIcon;
				ASSETCATALOG_COMPILER_GLOBAL_ACCENT_COLOR_NAME = AccentColor;
				CODE_SIGN_STYLE = Automatic;
				DEVELOPMENT_ASSET_PATHS = "\"SwiftUIBottomSheet/Preview Content\"";
				DEVELOPMENT_TEAM = 2U974MU9D9;
				ENABLE_PREVIEWS = YES;
				INFOPLIST_FILE = SwiftUIBottomSheet/Info.plist;
				IPHONEOS_DEPLOYMENT_TARGET = 14.0;
				LD_RUNPATH_SEARCH_PATHS = (
					"$(inherited)",
					"@executable_path/Frameworks",
				);
				PRODUCT_BUNDLE_IDENTIFIER = in.mille.SwiftUIBottomSheet;
				PRODUCT_NAME = "$(TARGET_NAME)";
				SWIFT_VERSION = 5.0;
				TARGETED_DEVICE_FAMILY = "1,2";
			};
			name = Debug;
		};
		E46A08A32681C5A5009DA4CC /* Release */ = {
			isa = XCBuildConfiguration;
			buildSettings = {
				ASSETCATALOG_COMPILER_APPICON_NAME = AppIcon;
				ASSETCATALOG_COMPILER_GLOBAL_ACCENT_COLOR_NAME = AccentColor;
				CODE_SIGN_STYLE = Automatic;
				DEVELOPMENT_ASSET_PATHS = "\"SwiftUIBottomSheet/Preview Content\"";
				DEVELOPMENT_TEAM = 2U974MU9D9;
				ENABLE_PREVIEWS = YES;
				INFOPLIST_FILE = SwiftUIBottomSheet/Info.plist;
				IPHONEOS_DEPLOYMENT_TARGET = 14.0;
				LD_RUNPATH_SEARCH_PATHS = (
					"$(inherited)",
					"@executable_path/Frameworks",
				);
				PRODUCT_BUNDLE_IDENTIFIER = in.mille.SwiftUIBottomSheet;
				PRODUCT_NAME = "$(TARGET_NAME)";
				SWIFT_VERSION = 5.0;
				TARGETED_DEVICE_FAMILY = "1,2";
			};
			name = Release;
		};
/* End XCBuildConfiguration section */

/* Begin XCConfigurationList section */
		E46A088D2681C59F009DA4CC /* Build configuration list for PBXProject "SwiftUIBottomSheet" */ = {
			isa = XCConfigurationList;
			buildConfigurations = (
				E46A089F2681C5A5009DA4CC /* Debug */,
				E46A08A02681C5A5009DA4CC /* Release */,
			);
			defaultConfigurationIsVisible = 0;
			defaultConfigurationName = Release;
		};
		E46A08A12681C5A5009DA4CC /* Build configuration list for PBXNativeTarget "SwiftUIBottomSheet" */ = {
			isa = XCConfigurationList;
			buildConfigurations = (
				E46A08A22681C5A5009DA4CC /* Debug */,
				E46A08A32681C5A5009DA4CC /* Release */,
			);
			defaultConfigurationIsVisible = 0;
			defaultConfigurationName = Release;
		};
/* End XCConfigurationList section */
	};
	rootObject = E46A088A2681C59E009DA4CC /* Project object */;
}
